
Microsoft Visual Studio Solution File, Format Version 12.00
# Visual Studio Version 16
VisualStudioVersion = 16.0.31402.337
MinimumVisualStudioVersion = 10.0.40219.1
Project("{FAE04EC0-301F-11D3-BF4B-00C04F79EFBC}") = "ProbarVisualGitHUb", "ProbarVisualGitHUb.csproj", "{18779851-2081-4463-B788-0D9408F33D77}"
EndProject
Global
	GlobalSection(SolutionConfigurationPlatforms) = preSolution
		Debug|Any CPU = Debug|Any CPU
		Release|Any CPU = Release|Any CPU
	EndGlobalSection
	GlobalSection(ProjectConfigurationPlatforms) = postSolution
		{18779851-2081-4463-B788-0D9408F33D77}.Debug|Any CPU.ActiveCfg = Debug|Any CPU
		{18779851-2081-4463-B788-0D9408F33D77}.Debug|Any CPU.Build.0 = Debug|Any CPU
		{18779851-2081-4463-B788-0D9408F33D77}.Release|Any CPU.ActiveCfg = Release|Any CPU
		{18779851-2081-4463-B788-0D9408F33D77}.Release|Any CPU.Build.0 = Release|Any CPU
	EndGlobalSection
	GlobalSection(SolutionProperties) = preSolution
		HideSolutionNode = FALSE
	EndGlobalSection
	GlobalSection(ExtensibilityGlobals) = postSolution
		SolutionGuid = {EA8208DD-A8B6-4CC6-B315-F6429743EFD6}
	EndGlobalSection
EndGlobal
